
Microsoft Visual Studio Solution File, Format Version 12.00
# Visual Studio 15
Project("{FAE04EC0-301F-11D3-BF4B-00C04F79EFBC}") = "Assembly-CSharp", "Assembly-CSharp.csproj", "{2D9FB7DA-DE6B-1E13-5EB1-4235E8339E9E}"
EndProject
Project("{FAE04EC0-301F-11D3-BF4B-00C04F79EFBC}") = "Unity.RenderPipelines.Universal.Runtime", "Unity.RenderPipelines.Universal.Runtime.csproj", "{F1F01B83-D3C9-332F-569D-F62471C87497}"
EndProject
Project("{FAE04EC0-301F-11D3-BF4B-00C04F79EFBC}") = "Unity.RenderPipelines.Core.Runtime", "Unity.RenderPipelines.Core.Runtime.csproj", "{4FB05A6C-4543-4D03-FD4F-218B7AC0B860}"
EndProject
Project("{FAE04EC0-301F-11D3-BF4B-00C04F79EFBC}") = "UnityEngine.TestRunner", "UnityEngine.TestRunner.csproj", "{208E534C-6ECC-E03B-84C0-F430B4C6685D}"
EndProject
Project("{FAE04EC0-301F-11D3-BF4B-00C04F79EFBC}") = "Unity.Mathematics", "Unity.Mathematics.csproj", "{C234272F-1718-6C00-F330-FAA5420FCCE4}"
EndProject
Project("{FAE04EC0-301F-11D3-BF4B-00C04F79EFBC}") = "Unity.TextMeshPro", "Unity.TextMeshPro.csproj", "{66BC59DB-FAE0-2EF4-782E-E75C408871A8}"
EndProject
Project("{FAE04EC0-301F-11D3-BF4B-00C04F79EFBC}") = "Unity.Timeline", "Unity.Timeline.csproj", "{84ED2FA4-1AAB-6777-E162-2CA2EC916062}"
EndProject
Project("{FAE04EC0-301F-11D3-BF4B-00C04F79EFBC}") = "Unity.RenderPipelines.Core.ShaderLibrary", "Unity.RenderPipelines.Core.ShaderLibrary.csproj", "{5E6347E5-FD8D-0850-DD00-6A0B07502AB3}"
EndProject
Project("{FAE04EC0-301F-11D3-BF4B-00C04F79EFBC}") = "Unity.RenderPipeline.Universal.ShaderLibrary", "Unity.RenderPipeline.Universal.ShaderLibrary.csproj", "{D9837A4F-84CD-A7CE-B8CA-72491E46AAED}"
EndProject
Project("{FAE04EC0-301F-11D3-BF4B-00C04F79EFBC}") = "Unity.RenderPipelines.Universal.Shaders", "Unity.RenderPipelines.Universal.Shaders.csproj", "{2E413C12-D7D0-F475-07F4-137AA7BA1CAA}"
EndProject
Project("{FAE04EC0-301F-11D3-BF4B-00C04F79EFBC}") = "Unity.RenderPipelines.ShaderGraph.ShaderGraphLibrary", "Unity.RenderPipelines.ShaderGraph.ShaderGraphLibrary.csproj", "{8F8B2A9A-6743-D0A6-7DA1-37C98E93F63E}"
EndProject
Project("{FAE04EC0-301F-11D3-BF4B-00C04F79EFBC}") = "Assembly-CSharp-Editor", "Assembly-CSharp-Editor.csproj", "{CD63C01F-3C48-FC73-7FA7-BEC478D795BE}"
EndProject
Project("{FAE04EC0-301F-11D3-BF4B-00C04F79EFBC}") = "Unity.PlasticSCM.Editor", "Unity.PlasticSCM.Editor.csproj", "{76F4DD6F-84BD-157D-9DAC-EFFF4211EF48}"
EndProject
Project("{FAE04EC0-301F-11D3-BF4B-00C04F79EFBC}") = "Unity.ShaderGraph.Editor", "Unity.ShaderGraph.Editor.csproj", "{446FBFAA-6C0E-6553-8160-2F303EECA8A4}"
EndProject
Project("{FAE04EC0-301F-11D3-BF4B-00C04F79EFBC}") = "Unity.VisualStudio.Editor", "Unity.VisualStudio.Editor.csproj", "{929DD6A8-8AC6-F0AC-8372-0DC99FB01E22}"
EndProject
Project("{FAE04EC0-301F-11D3-BF4B-00C04F79EFBC}") = "Unity.Timeline.Editor", "Unity.Timeline.Editor.csproj", "{AA17D9D9-8CB3-FF6E-2950-0208A678C49B}"
EndProject
Project("{FAE04EC0-301F-11D3-BF4B-00C04F79EFBC}") = "Unity.TextMeshPro.Editor", "Unity.TextMeshPro.Editor.csproj", "{67F6279B-7085-B572-475B-DD9CAF551D64}"
EndProject
Project("{FAE04EC0-301F-11D3-BF4B-00C04F79EFBC}") = "UnityEditor.TestRunner", "UnityEditor.TestRunner.csproj", "{4DE1FE8F-8A8F-2ABF-DDB7-9CC1B20B4E29}"
EndProject
Project("{FAE04EC0-301F-11D3-BF4B-00C04F79EFBC}") = "Unity.Rider.Editor", "Unity.Rider.Editor.csproj", "{F1D6EF0B-523E-1562-8E7C-3E0823E7F15D}"
EndProject
Project("{FAE04EC0-301F-11D3-BF4B-00C04F79EFBC}") = "Unity.RenderPipelines.Universal.Editor", "Unity.RenderPipelines.Universal.Editor.csproj", "{F9B708AB-2EA9-1C7A-C98C-2790EF1E9CB4}"
EndProject
Project("{FAE04EC0-301F-11D3-BF4B-00C04F79EFBC}") = "Unity.RenderPipelines.Core.Editor", "Unity.RenderPipelines.Core.Editor.csproj", "{55EC29E4-1AE0-5F34-E152-A9C5A58269A8}"
EndProject
Project("{FAE04EC0-301F-11D3-BF4B-00C04F79EFBC}") = "Unity.Searcher.Editor", "Unity.Searcher.Editor.csproj", "{22F7590E-7CD9-45A8-DF51-4090A64097FB}"
EndProject
Project("{FAE04EC0-301F-11D3-BF4B-00C04F79EFBC}") = "Unity.VSCode.Editor", "Unity.VSCode.Editor.csproj", "{223BB91B-E1CB-227F-20AE-3705FF7CB0C0}"
EndProject
Project("{FAE04EC0-301F-11D3-BF4B-00C04F79EFBC}") = "Unity.CollabProxy.Editor", "Unity.CollabProxy.Editor.csproj", "{48960221-006F-6B43-5FFD-FA48284CB472}"
EndProject
Project("{FAE04EC0-301F-11D3-BF4B-00C04F79EFBC}") = "Unity.Mathematics.Editor", "Unity.Mathematics.Editor.csproj", "{4D9117EF-9D3D-5C6C-F452-D738F32302F1}"
EndProject
Project("{FAE04EC0-301F-11D3-BF4B-00C04F79EFBC}") = "Unity.ShaderGraph.Utilities", "Unity.ShaderGraph.Utilities.csproj", "{917B4913-E2DB-8D40-D9C7-2ABED8CDD978}"
EndProject
Global
	GlobalSection(SolutionConfigurationPlatforms) = preSolution
		Debug|Any CPU = Debug|Any CPU
		Release|Any CPU = Release|Any CPU
	EndGlobalSection
	GlobalSection(ProjectConfigurationPlatforms) = postSolution
		{2D9FB7DA-DE6B-1E13-5EB1-4235E8339E9E}.Debug|Any CPU.ActiveCfg = Debug|Any CPU
		{2D9FB7DA-DE6B-1E13-5EB1-4235E8339E9E}.Debug|Any CPU.Build.0 = Debug|Any CPU
		{2D9FB7DA-DE6B-1E13-5EB1-4235E8339E9E}.Release|Any CPU.ActiveCfg = Release|Any CPU
		{2D9FB7DA-DE6B-1E13-5EB1-4235E8339E9E}.Release|Any CPU.Build.0 = Release|Any CPU
		{F1F01B83-D3C9-332F-569D-F62471C87497}.Debug|Any CPU.ActiveCfg = Debug|Any CPU
		{F1F01B83-D3C9-332F-569D-F62471C87497}.Debug|Any CPU.Build.0 = Debug|Any CPU
		{F1F01B83-D3C9-332F-569D-F62471C87497}.Release|Any CPU.ActiveCfg = Release|Any CPU
		{F1F01B83-D3C9-332F-569D-F62471C87497}.Release|Any CPU.Build.0 = Release|Any CPU
		{4FB05A6C-4543-4D03-FD4F-218B7AC0B860}.Debug|Any CPU.ActiveCfg = Debug|Any CPU
		{4FB05A6C-4543-4D03-FD4F-218B7AC0B860}.Debug|Any CPU.Build.0 = Debug|Any CPU
		{4FB05A6C-4543-4D03-FD4F-218B7AC0B860}.Release|Any CPU.ActiveCfg = Release|Any CPU
		{4FB05A6C-4543-4D03-FD4F-218B7AC0B860}.Release|Any CPU.Build.0 = Release|Any CPU
		{208E534C-6ECC-E03B-84C0-F430B4C6685D}.Debug|Any CPU.ActiveCfg = Debug|Any CPU
		{208E534C-6ECC-E03B-84C0-F430B4C6685D}.Debug|Any CPU.Build.0 = Debug|Any CPU
		{208E534C-6ECC-E03B-84C0-F430B4C6685D}.Release|Any CPU.ActiveCfg = Release|Any CPU
		{208E534C-6ECC-E03B-84C0-F430B4C6685D}.Release|Any CPU.Build.0 = Release|Any CPU
		{C234272F-1718-6C00-F330-FAA5420FCCE4}.Debug|Any CPU.ActiveCfg = Debug|Any CPU
		{C234272F-1718-6C00-F330-FAA5420FCCE4}.Debug|Any CPU.Build.0 = Debug|Any CPU
		{C234272F-1718-6C00-F330-FAA5420FCCE4}.Release|Any CPU.ActiveCfg = Release|Any CPU
		{C234272F-1718-6C00-F330-FAA5420FCCE4}.Release|Any CPU.Build.0 = Release|Any CPU
		{66BC59DB-FAE0-2EF4-782E-E75C408871A8}.Debug|Any CPU.ActiveCfg = Debug|Any CPU
		{66BC59DB-FAE0-2EF4-782E-E75C408871A8}.Debug|Any CPU.Build.0 = Debug|Any CPU
		{66BC59DB-FAE0-2EF4-782E-E75C408871A8}.Release|Any CPU.ActiveCfg = Release|Any CPU
		{66BC59DB-FAE0-2EF4-782E-E75C408871A8}.Release|Any CPU.Build.0 = Release|Any CPU
		{84ED2FA4-1AAB-6777-E162-2CA2EC916062}.Debug|Any CPU.ActiveCfg = Debug|Any CPU
		{84ED2FA4-1AAB-6777-E162-2CA2EC916062}.Debug|Any CPU.Build.0 = Debug|Any CPU
		{84ED2FA4-1AAB-6777-E162-2CA2EC916062}.Release|Any CPU.ActiveCfg = Release|Any CPU
		{84ED2FA4-1AAB-6777-E162-2CA2EC916062}.Release|Any CPU.Build.0 = Release|Any CPU
		{5E6347E5-FD8D-0850-DD00-6A0B07502AB3}.Debug|Any CPU.ActiveCfg = Debug|Any CPU
		{5E6347E5-FD8D-0850-DD00-6A0B07502AB3}.Debug|Any CPU.Build.0 = Debug|Any CPU
		{5E6347E5-FD8D-0850-DD00-6A0B07502AB3}.Release|Any CPU.ActiveCfg = Release|Any CPU
		{5E6347E5-FD8D-0850-DD00-6A0B07502AB3}.Release|Any CPU.Build.0 = Release|Any CPU
		{D9837A4F-84CD-A7CE-B8CA-72491E46AAED}.Debug|Any CPU.ActiveCfg = Debug|Any CPU
		{D9837A4F-84CD-A7CE-B8CA-72491E46AAED}.Debug|Any CPU.Build.0 = Debug|Any CPU
		{D9837A4F-84CD-A7CE-B8CA-72491E46AAED}.Release|Any CPU.ActiveCfg = Release|Any CPU
		{D9837A4F-84CD-A7CE-B8CA-72491E46AAED}.Release|Any CPU.Build.0 = Release|Any CPU
		{2E413C12-D7D0-F475-07F4-137AA7BA1CAA}.Debug|Any CPU.ActiveCfg = Debug|Any CPU
		{2E413C12-D7D0-F475-07F4-137AA7BA1CAA}.Debug|Any CPU.Build.0 = Debug|Any CPU
		{2E413C12-D7D0-F475-07F4-137AA7BA1CAA}.Release|Any CPU.ActiveCfg = Release|Any CPU
		{2E413C12-D7D0-F475-07F4-137AA7BA1CAA}.Release|Any CPU.Build.0 = Release|Any CPU
		{8F8B2A9A-6743-D0A6-7DA1-37C98E93F63E}.Debug|Any CPU.ActiveCfg = Debug|Any CPU
		{8F8B2A9A-6743-D0A6-7DA1-37C98E93F63E}.Debug|Any CPU.Build.0 = Debug|Any CPU
		{8F8B2A9A-6743-D0A6-7DA1-37C98E93F63E}.Release|Any CPU.ActiveCfg = Release|Any CPU
		{8F8B2A9A-6743-D0A6-7DA1-37C98E93F63E}.Release|Any CPU.Build.0 = Release|Any CPU
		{CD63C01F-3C48-FC73-7FA7-BEC478D795BE}.Debug|Any CPU.ActiveCfg = Debug|Any CPU
		{CD63C01F-3C48-FC73-7FA7-BEC478D795BE}.Debug|Any CPU.Build.0 = Debug|Any CPU
		{CD63C01F-3C48-FC73-7FA7-BEC478D795BE}.Release|Any CPU.ActiveCfg = Release|Any CPU
		{CD63C01F-3C48-FC73-7FA7-BEC478D795BE}.Release|Any CPU.Build.0 = Release|Any CPU
		{76F4DD6F-84BD-157D-9DAC-EFFF4211EF48}.Debug|Any CPU.ActiveCfg = Debug|Any CPU
		{76F4DD6F-84BD-157D-9DAC-EFFF4211EF48}.Debug|Any CPU.Build.0 = Debug|Any CPU
		{76F4DD6F-84BD-157D-9DAC-EFFF4211EF48}.Release|Any CPU.ActiveCfg = Release|Any CPU
		{76F4DD6F-84BD-157D-9DAC-EFFF4211EF48}.Release|Any CPU.Build.0 = Release|Any CPU
		{446FBFAA-6C0E-6553-8160-2F303EECA8A4}.Debug|Any CPU.ActiveCfg = Debug|Any CPU
		{446FBFAA-6C0E-6553-8160-2F303EECA8A4}.Debug|Any CPU.Build.0 = Debug|Any CPU
		{446FBFAA-6C0E-6553-8160-2F303EECA8A4}.Release|Any CPU.ActiveCfg = Release|Any CPU
		{446FBFAA-6C0E-6553-8160-2F303EECA8A4}.Release|Any CPU.Build.0 = Release|Any CPU
		{929DD6A8-8AC6-F0AC-8372-0DC99FB01E22}.Debug|Any CPU.ActiveCfg = Debug|Any CPU
		{929DD6A8-8AC6-F0AC-8372-0DC99FB01E22}.Debug|Any CPU.Build.0 = Debug|Any CPU
		{929DD6A8-8AC6-F0AC-8372-0DC99FB01E22}.Release|Any CPU.ActiveCfg = Release|Any CPU
		{929DD6A8-8AC6-F0AC-8372-0DC99FB01E22}.Release|Any CPU.Build.0 = Release|Any CPU
		{AA17D9D9-8CB3-FF6E-2950-0208A678C49B}.Debug|Any CPU.ActiveCfg = Debug|Any CPU
		{AA17D9D9-8CB3-FF6E-2950-0208A678C49B}.Debug|Any CPU.Build.0 = Debug|Any CPU
		{AA17D9D9-8CB3-FF6E-2950-0208A678C49B}.Release|Any CPU.ActiveCfg = Release|Any CPU
		{AA17D9D9-8CB3-FF6E-2950-0208A678C49B}.Release|Any CPU.Build.0 = Release|Any CPU
		{67F6279B-7085-B572-475B-DD9CAF551D64}.Debug|Any CPU.ActiveCfg = Debug|Any CPU
		{67F6279B-7085-B572-475B-DD9CAF551D64}.Debug|Any CPU.Build.0 = Debug|Any CPU
		{67F6279B-7085-B572-475B-DD9CAF551D64}.Release|Any CPU.ActiveCfg = Release|Any CPU
		{67F6279B-7085-B572-475B-DD9CAF551D64}.Release|Any CPU.Build.0 = Release|Any CPU
		{4DE1FE8F-8A8F-2ABF-DDB7-9CC1B20B4E29}.Debug|Any CPU.ActiveCfg = Debug|Any CPU
		{4DE1FE8F-8A8F-2ABF-DDB7-9CC1B20B4E29}.Debug|Any CPU.Build.0 = Debug|Any CPU
		{4DE1FE8F-8A8F-2ABF-DDB7-9CC1B20B4E29}.Release|Any CPU.ActiveCfg = Release|Any CPU
		{4DE1FE8F-8A8F-2ABF-DDB7-9CC1B20B4E29}.Release|Any CPU.Build.0 = Release|Any CPU
		{F1D6EF0B-523E-1562-8E7C-3E0823E7F15D}.Debug|Any CPU.ActiveCfg = Debug|Any CPU
		{F1D6EF0B-523E-1562-8E7C-3E0823E7F15D}.Debug|Any CPU.Build.0 = Debug|Any CPU
		{F1D6EF0B-523E-1562-8E7C-3E0823E7F15D}.Release|Any CPU.ActiveCfg = Release|Any CPU
		{F1D6EF0B-523E-1562-8E7C-3E0823E7F15D}.Release|Any CPU.Build.0 = Release|Any CPU
		{F9B708AB-2EA9-1C7A-C98C-2790EF1E9CB4}.Debug|Any CPU.ActiveCfg = Debug|Any CPU
		{F9B708AB-2EA9-1C7A-C98C-2790EF1E9CB4}.Debug|Any CPU.Build.0 = Debug|Any CPU
		{F9B708AB-2EA9-1C7A-C98C-2790EF1E9CB4}.Release|Any CPU.ActiveCfg = Release|Any CPU
		{F9B708AB-2EA9-1C7A-C98C-2790EF1E9CB4}.Release|Any CPU.Build.0 = Release|Any CPU
		{55EC29E4-1AE0-5F34-E152-A9C5A58269A8}.Debug|Any CPU.ActiveCfg = Debug|Any CPU
		{55EC29E4-1AE0-5F34-E152-A9C5A58269A8}.Debug|Any CPU.Build.0 = Debug|Any CPU
		{55EC29E4-1AE0-5F34-E152-A9C5A58269A8}.Release|Any CPU.ActiveCfg = Release|Any CPU
		{55EC29E4-1AE0-5F34-E152-A9C5A58269A8}.Release|Any CPU.Build.0 = Release|Any CPU
		{22F7590E-7CD9-45A8-DF51-4090A64097FB}.Debug|Any CPU.ActiveCfg = Debug|Any CPU
		{22F7590E-7CD9-45A8-DF51-4090A64097FB}.Debug|Any CPU.Build.0 = Debug|Any CPU
		{22F7590E-7CD9-45A8-DF51-4090A64097FB}.Release|Any CPU.ActiveCfg = Release|Any CPU
		{22F7590E-7CD9-45A8-DF51-4090A64097FB}.Release|Any CPU.Build.0 = Release|Any CPU
		{223BB91B-E1CB-227F-20AE-3705FF7CB0C0}.Debug|Any CPU.ActiveCfg = Debug|Any CPU
		{223BB91B-E1CB-227F-20AE-3705FF7CB0C0}.Debug|Any CPU.Build.0 = Debug|Any CPU
		{223BB91B-E1CB-227F-20AE-3705FF7CB0C0}.Release|Any CPU.ActiveCfg = Release|Any CPU
		{223BB91B-E1CB-227F-20AE-3705FF7CB0C0}.Release|Any CPU.Build.0 = Release|Any CPU
		{48960221-006F-6B43-5FFD-FA48284CB472}.Debug|Any CPU.ActiveCfg = Debug|Any CPU
		{48960221-006F-6B43-5FFD-FA48284CB472}.Debug|Any CPU.Build.0 = Debug|Any CPU
		{48960221-006F-6B43-5FFD-FA48284CB472}.Release|Any CPU.ActiveCfg = Release|Any CPU
		{48960221-006F-6B43-5FFD-FA48284CB472}.Release|Any CPU.Build.0 = Release|Any CPU
		{4D9117EF-9D3D-5C6C-F452-D738F32302F1}.Debug|Any CPU.ActiveCfg = Debug|Any CPU
		{4D9117EF-9D3D-5C6C-F452-D738F32302F1}.Debug|Any CPU.Build.0 = Debug|Any CPU
		{4D9117EF-9D3D-5C6C-F452-D738F32302F1}.Release|Any CPU.ActiveCfg = Release|Any CPU
		{4D9117EF-9D3D-5C6C-F452-D738F32302F1}.Release|Any CPU.Build.0 = Release|Any CPU
		{917B4913-E2DB-8D40-D9C7-2ABED8CDD978}.Debug|Any CPU.ActiveCfg = Debug|Any CPU
		{917B4913-E2DB-8D40-D9C7-2ABED8CDD978}.Debug|Any CPU.Build.0 = Debug|Any CPU
		{917B4913-E2DB-8D40-D9C7-2ABED8CDD978}.Release|Any CPU.ActiveCfg = Release|Any CPU
		{917B4913-E2DB-8D40-D9C7-2ABED8CDD978}.Release|Any CPU.Build.0 = Release|Any CPU
	EndGlobalSection
	GlobalSection(SolutionProperties) = preSolution
		HideSolutionNode = FALSE
	EndGlobalSection
EndGlobal
